# THIS IS AN AUTOGENERATED FILE. DO NOT EDIT THIS FILE DIRECTLY.
# yarn lockfile v1


"@tanstack/query-core@5.8.3":
  version "5.8.3"
  resolved "https://registry.yarnpkg.com/@tanstack/query-core/-/query-core-5.8.3.tgz#7c6d62721518223e8b27f1a0b5e9bd4e3bb7ecd8"
  integrity sha512-SWFMFtcHfttLYif6pevnnMYnBvxKf3C+MHMH7bevyYfpXpTMsLB9O6nNGBdWSoPwnZRXFNyNeVZOw25Wmdasow==

"@tanstack/react-query@^5.8.4":
  version "5.8.4"
  resolved "https://registry.yarnpkg.com/@tanstack/react-query/-/react-query-5.8.4.tgz#7d5ef4dc4e2985fdc607d0f30ff79a8453abe652"
  integrity sha512-CD+AkXzg8J72JrE6ocmuBEJfGzEzu/bzkD6sFXFDDB5yji9N20JofXZlN6n0+CaPJuIi+e4YLCbGsyPFKkfNQA==
  dependencies:
    "@tanstack/query-core" "5.8.3"
